{
    "version": 3,
    "terraform_version": "0.9.3",
    "serial": 10,
    "lineage": "c7e6d4e2-e7b1-4527-9b2d-9b05bccbd129",
    "modules": [
        {
            "path": [
                "root"
            ],
            "outputs": {},
            "resources": {
                "aws_autoscaling_group.main": {
                    "type": "aws_autoscaling_group",
                    "depends_on": [
                        "aws_launch_configuration.main"
                    ],
                    "primary": {
                        "id": "sked",
                        "attributes": {
                            "arn": "arn:aws:autoscaling:us-west-2:414904551680:autoScalingGroup:9482220f-a353-4af7-8e15-955b98ed30be:autoScalingGroupName/sked",
                            "availability_zones.#": "3",
                            "availability_zones.2050015877": "us-west-2c",
                            "availability_zones.221770259": "us-west-2b",
                            "availability_zones.2487133097": "us-west-2a",
                            "default_cooldown": "300",
                            "desired_capacity": "2",
                            "force_delete": "true",
                            "health_check_grace_period": "300",
                            "health_check_type": "EC2",
                            "id": "sked",
                            "launch_configuration": "main-7",
                            "load_balancers.#": "0",
                            "max_size": "2",
                            "metrics_granularity": "1Minute",
                            "min_size": "1",
                            "name": "sked",
                            "placement_group": "",
                            "protect_from_scale_in": "false",
                            "suspended_processes.#": "0",
                            "tag.#": "1",
                            "tag.1506178177.key": "cluster",
                            "tag.1506178177.propagate_at_launch": "true",
                            "tag.1506178177.value": "main",
                            "target_group_arns.#": "0",
                            "termination_policies.#": "0",
                            "vpc_zone_identifier.#": "1",
                            "vpc_zone_identifier.0": "",
                            "wait_for_capacity_timeout": "10m"
                        },
                        "meta": {},
                        "tainted": false
                    },
                    "deposed": [],
                    "provider": ""
                },
                "aws_ecs_cluster.main": {
                    "type": "aws_ecs_cluster",
                    "depends_on": [],
                    "primary": {
                        "id": "arn:aws:ecs:us-west-2:414904551680:cluster/sked",
                        "attributes": {
                            "id": "arn:aws:ecs:us-west-2:414904551680:cluster/sked",
                            "name": "sked"
                        },
                        "meta": {},
                        "tainted": false
                    },
                    "deposed": [],
                    "provider": ""
                },
                "aws_launch_configuration.main": {
                    "type": "aws_launch_configuration",
                    "depends_on": [],
                    "primary": {
                        "id": "main-7",
                        "attributes": {
                            "associate_public_ip_address": "false",
                            "ebs_block_device.#": "0",
                            "ebs_optimized": "false",
                            "enable_monitoring": "true",
                            "ephemeral_block_device.#": "0",
                            "iam_instance_profile": "ecsInstanceRole",
                            "id": "main-7",
                            "image_id": "ami-62d35c02",
                            "instance_type": "t2.micro",
                            "key_name": "sked",
                            "name": "main-7",
                            "root_block_device.#": "0",
                            "security_groups.#": "1",
                            "security_groups.1838348603": "sg-f7785c91",
                            "spot_price": "",
                            "user_data": "3c2bfcd80354b22a80ceca0effbc405c15c0e14f",
                            "vpc_classic_link_id": "",
                            "vpc_classic_link_security_groups.#": "0"
                        },
                        "meta": {},
                        "tainted": false
                    },
                    "deposed": [],
                    "provider": ""
                },
                "data.aws_ami.main": {
                    "type": "aws_ami",
                    "depends_on": [],
                    "primary": {
                        "id": "ami-62d35c02",
                        "attributes": {
                            "architecture": "x86_64",
                            "block_device_mappings.#": "2",
                            "block_device_mappings.2538004115.device_name": "/dev/xvdcz",
                            "block_device_mappings.2538004115.ebs.%": "5",
                            "block_device_mappings.2538004115.ebs.delete_on_termination": "true",
                            "block_device_mappings.2538004115.ebs.encrypted": "false",
                            "block_device_mappings.2538004115.ebs.iops": "0",
                            "block_device_mappings.2538004115.ebs.volume_size": "22",
                            "block_device_mappings.2538004115.ebs.volume_type": "gp2",
                            "block_device_mappings.2538004115.no_device": "",
                            "block_device_mappings.2538004115.virtual_name": "",
                            "block_device_mappings.340275815.device_name": "/dev/xvda",
                            "block_device_mappings.340275815.ebs.%": "6",
                            "block_device_mappings.340275815.ebs.delete_on_termination": "true",
                            "block_device_mappings.340275815.ebs.encrypted": "false",
                            "block_device_mappings.340275815.ebs.iops": "0",
                            "block_device_mappings.340275815.ebs.snapshot_id": "snap-0f45a35e0d0ed1887",
                            "block_device_mappings.340275815.ebs.volume_size": "8",
                            "block_device_mappings.340275815.ebs.volume_type": "gp2",
                            "block_device_mappings.340275815.no_device": "",
                            "block_device_mappings.340275815.virtual_name": "",
                            "creation_date": "2017-03-08T22:54:43.000Z",
                            "description": "Amazon Linux AMI 2016.09.g x86_64 ECS HVM GP2",
                            "filter.#": "1",
                            "filter.225006457.name": "name",
                            "filter.225006457.values.#": "1",
                            "filter.225006457.values.0": "amzn-ami-2016.09.g-amazon-ecs-optimized",
                            "hypervisor": "xen",
                            "id": "ami-62d35c02",
                            "image_id": "ami-62d35c02",
                            "image_location": "amazon/amzn-ami-2016.09.g-amazon-ecs-optimized",
                            "image_owner_alias": "amazon",
                            "image_type": "machine",
                            "most_recent": "true",
                            "name": "amzn-ami-2016.09.g-amazon-ecs-optimized",
                            "owner_id": "591542846629",
                            "product_codes.#": "0",
                            "public": "true",
                            "root_device_name": "/dev/xvda",
                            "root_device_type": "ebs",
                            "sriov_net_support": "simple",
                            "state": "available",
                            "state_reason.%": "2",
                            "state_reason.code": "UNSET",
                            "state_reason.message": "UNSET",
                            "tags.#": "0",
                            "virtualization_type": "hvm"
                        },
                        "meta": {},
                        "tainted": false
                    },
                    "deposed": [],
                    "provider": ""
                }
            },
            "depends_on": []
        }
    ]
}
